
Microsoft Visual Studio Solution File, Format Version 12.00
# Visual Studio Version 17
VisualStudioVersion = 17.5.33516.290
MinimumVisualStudioVersion = 10.0.40219.1
Project("{9A19103F-16F7-4668-BE54-9A1E7A4F7556}") = "CrimeAlert", "CrimeAlert\CrimeAlert.csproj", "{50603C76-4BBC-4317-935F-18D5995C5022}"
EndProject
Project("{2150E333-8FDC-42A3-9474-1A3956D46DE8}") = "Solution Items", "Solution Items", "{26A5F431-86C5-4375-998E-AEA9E022CA09}"
	ProjectSection(SolutionItems) = preProject
		.editorconfig = .editorconfig
	EndProjectSection
EndProject
Global
	GlobalSection(SolutionConfigurationPlatforms) = preSolution
		Debug|Any CPU = Debug|Any CPU
		Release|Any CPU = Release|Any CPU
	EndGlobalSection
	GlobalSection(ProjectConfigurationPlatforms) = postSolution
		{50603C76-4BBC-4317-935F-18D5995C5022}.Debug|Any CPU.ActiveCfg = Debug|Any CPU
		{50603C76-4BBC-4317-935F-18D5995C5022}.Debug|Any CPU.Build.0 = Debug|Any CPU
		{50603C76-4BBC-4317-935F-18D5995C5022}.Release|Any CPU.ActiveCfg = Release|Any CPU
		{50603C76-4BBC-4317-935F-18D5995C5022}.Release|Any CPU.Build.0 = Release|Any CPU
	EndGlobalSection
	GlobalSection(SolutionProperties) = preSolution
		HideSolutionNode = FALSE
	EndGlobalSection
	GlobalSection(ExtensibilityGlobals) = postSolution
		SolutionGuid = {90496BBF-EA56-46B6-ACE3-6A4B9E1058E4}
	EndGlobalSection
EndGlobal
